
Microsoft Visual Studio Solution File, Format Version 12.00
# Visual Studio Version 17
VisualStudioVersion = 17.13.35931.197
MinimumVisualStudioVersion = 10.0.40219.1
Project("{FAE04EC0-301F-11D3-BF4B-00C04F79EFBC}") = "Repository", "Repository\Repository.csproj", "{C668DFC3-EF99-46CA-9EC8-5AD876A5E3EF}"
EndProject
Project("{FAE04EC0-301F-11D3-BF4B-00C04F79EFBC}") = "ObjectBusiness", "ObjectBusiness\ObjectBusiness.csproj", "{3619C831-005B-4CAB-9165-DE61BD7CC802}"
EndProject
Project("{FAE04EC0-301F-11D3-BF4B-00C04F79EFBC}") = "DataAccess", "DataAccess\DataAccess.csproj", "{32272262-FE2B-4565-AAC7-2779E3EFBE54}"
EndProject
Project("{FAE04EC0-301F-11D3-BF4B-00C04F79EFBC}") = "FBLA_API", "FBLA_API\FBLA_API.csproj", "{5E0D3214-4961-44D3-AA33-6E354E84FFA9}"
EndProject
Project("{FAE04EC0-301F-11D3-BF4B-00C04F79EFBC}") = "SignalRLayer", "SignalRLayer\SignalRLayer.csproj", "{ABDE3A2C-0DFB-4CCB-9615-EB8B76F4F5D3}"
EndProject
Project("{FAE04EC0-301F-11D3-BF4B-00C04F79EFBC}") = "Services", "Services\Services.csproj", "{FA94E1AC-E13B-47BE-A0BC-39542466F36D}"
EndProject
Global
	GlobalSection(SolutionConfigurationPlatforms) = preSolution
		Debug|Any CPU = Debug|Any CPU
		Release|Any CPU = Release|Any CPU
	EndGlobalSection
	GlobalSection(ProjectConfigurationPlatforms) = postSolution
		{C668DFC3-EF99-46CA-9EC8-5AD876A5E3EF}.Debug|Any CPU.ActiveCfg = Debug|Any CPU
		{C668DFC3-EF99-46CA-9EC8-5AD876A5E3EF}.Debug|Any CPU.Build.0 = Debug|Any CPU
		{C668DFC3-EF99-46CA-9EC8-5AD876A5E3EF}.Release|Any CPU.ActiveCfg = Release|Any CPU
		{C668DFC3-EF99-46CA-9EC8-5AD876A5E3EF}.Release|Any CPU.Build.0 = Release|Any CPU
		{3619C831-005B-4CAB-9165-DE61BD7CC802}.Debug|Any CPU.ActiveCfg = Debug|Any CPU
		{3619C831-005B-4CAB-9165-DE61BD7CC802}.Debug|Any CPU.Build.0 = Debug|Any CPU
		{3619C831-005B-4CAB-9165-DE61BD7CC802}.Release|Any CPU.ActiveCfg = Release|Any CPU
		{3619C831-005B-4CAB-9165-DE61BD7CC802}.Release|Any CPU.Build.0 = Release|Any CPU
		{32272262-FE2B-4565-AAC7-2779E3EFBE54}.Debug|Any CPU.ActiveCfg = Debug|Any CPU
		{32272262-FE2B-4565-AAC7-2779E3EFBE54}.Debug|Any CPU.Build.0 = Debug|Any CPU
		{32272262-FE2B-4565-AAC7-2779E3EFBE54}.Release|Any CPU.ActiveCfg = Release|Any CPU
		{32272262-FE2B-4565-AAC7-2779E3EFBE54}.Release|Any CPU.Build.0 = Release|Any CPU
		{5E0D3214-4961-44D3-AA33-6E354E84FFA9}.Debug|Any CPU.ActiveCfg = Debug|Any CPU
		{5E0D3214-4961-44D3-AA33-6E354E84FFA9}.Debug|Any CPU.Build.0 = Debug|Any CPU
		{5E0D3214-4961-44D3-AA33-6E354E84FFA9}.Release|Any CPU.ActiveCfg = Release|Any CPU
		{5E0D3214-4961-44D3-AA33-6E354E84FFA9}.Release|Any CPU.Build.0 = Release|Any CPU
		{ABDE3A2C-0DFB-4CCB-9615-EB8B76F4F5D3}.Debug|Any CPU.ActiveCfg = Debug|Any CPU
		{ABDE3A2C-0DFB-4CCB-9615-EB8B76F4F5D3}.Debug|Any CPU.Build.0 = Debug|Any CPU
		{ABDE3A2C-0DFB-4CCB-9615-EB8B76F4F5D3}.Release|Any CPU.ActiveCfg = Release|Any CPU
		{ABDE3A2C-0DFB-4CCB-9615-EB8B76F4F5D3}.Release|Any CPU.Build.0 = Release|Any CPU
		{FA94E1AC-E13B-47BE-A0BC-39542466F36D}.Debug|Any CPU.ActiveCfg = Debug|Any CPU
		{FA94E1AC-E13B-47BE-A0BC-39542466F36D}.Debug|Any CPU.Build.0 = Debug|Any CPU
		{FA94E1AC-E13B-47BE-A0BC-39542466F36D}.Release|Any CPU.ActiveCfg = Release|Any CPU
		{FA94E1AC-E13B-47BE-A0BC-39542466F36D}.Release|Any CPU.Build.0 = Release|Any CPU
	EndGlobalSection
	GlobalSection(SolutionProperties) = preSolution
		HideSolutionNode = FALSE
	EndGlobalSection
	GlobalSection(ExtensibilityGlobals) = postSolution
		SolutionGuid = {1DE8A8B5-9922-447B-B3A5-2B80FB017588}
	EndGlobalSection
EndGlobal
